{
  "name": "WeatherApp",
  "lockfileVersion": 2,
  "requires": true,
  "packages": {
    "": {
      "dependencies": {
        "@everapi/ipbase-js": "^1.0.6"
      }
    },
    "node_modules/@everapi/ipbase-js": {
      "version": "1.0.6",
      "resolved": "https://registry.npmjs.org/@everapi/ipbase-js/-/ipbase-js-1.0.6.tgz",
      "integrity": "sha512-EfeWpmOtuVNia7I5U6K9a6SNguFQZSAo/MIDBcvXewHvKNjvNggC/aj4Dw6JsGA+hqNnywWY/RryvKwvLYUTWQ=="
    }
  },
  "dependencies": {
    "@everapi/ipbase-js": {
      "version": "1.0.6",
      "resolved": "https://registry.npmjs.org/@everapi/ipbase-js/-/ipbase-js-1.0.6.tgz",
      "integrity": "sha512-EfeWpmOtuVNia7I5U6K9a6SNguFQZSAo/MIDBcvXewHvKNjvNggC/aj4Dw6JsGA+hqNnywWY/RryvKwvLYUTWQ=="
    }
  }
}
